
Microsoft Visual Studio Solution File, Format Version 12.00
# Visual Studio Version 17
VisualStudioVersion = 17.2.32602.215
MinimumVisualStudioVersion = 10.0.40219.1
Project("{FAE04EC0-301F-11D3-BF4B-00C04F79EFBC}") = "PrismBlankApp1", "PrismBlankApp1\PrismBlankApp1.csproj", "{46964A20-6FB1-4837-A909-0E4BEC98D937}"
EndProject
Global
	GlobalSection(SolutionConfigurationPlatforms) = preSolution
		Debug|Any CPU = Debug|Any CPU
		Release|Any CPU = Release|Any CPU
	EndGlobalSection
	GlobalSection(ProjectConfigurationPlatforms) = postSolution
		{46964A20-6FB1-4837-A909-0E4BEC98D937}.Debug|Any CPU.ActiveCfg = Debug|Any CPU
		{46964A20-6FB1-4837-A909-0E4BEC98D937}.Debug|Any CPU.Build.0 = Debug|Any CPU
		{46964A20-6FB1-4837-A909-0E4BEC98D937}.Release|Any CPU.ActiveCfg = Release|Any CPU
		{46964A20-6FB1-4837-A909-0E4BEC98D937}.Release|Any CPU.Build.0 = Release|Any CPU
	EndGlobalSection
	GlobalSection(SolutionProperties) = preSolution
		HideSolutionNode = FALSE
	EndGlobalSection
	GlobalSection(ExtensibilityGlobals) = postSolution
		SolutionGuid = {854EFF40-B2B8-415F-BE02-22F099677A08}
	EndGlobalSection
EndGlobal
